// !$*UTF8*$!
{
	archiveVersion = 1;
	classes = {
	};
	objectVersion = 46;
	objects = {

/* Begin PBXBuildFile section */
		5B0EDBB41ACA2B1A00BE505F /* BucketList.swift in Sources */ = {isa = PBXBuildFile; fileRef = 5B0EDBB31ACA2B1A00BE505F /* BucketList.swift */; };
		5B0EDBB61ACA40D600BE505F /* AddOptionsView.swift in Sources */ = {isa = PBXBuildFile; fileRef = 5B0EDBB51ACA40D600BE505F /* AddOptionsView.swift */; };
		5B22136E1AC25E7400417589 /* BucketCell.swift in Sources */ = {isa = PBXBuildFile; fileRef = 5B22136D1AC25E7400417589 /* BucketCell.swift */; };
		5B2CDCE71AB12F9500F288C7 /* AppDelegate.swift in Sources */ = {isa = PBXBuildFile; fileRef = 5B2CDCE61AB12F9500F288C7 /* AppDelegate.swift */; };
		5B2CDCEC1AB12F9500F288C7 /* Main.storyboard in Resources */ = {isa = PBXBuildFile; fileRef = 5B2CDCEA1AB12F9500F288C7 /* Main.storyboard */; };
		5B2CDCEE1AB12F9500F288C7 /* Images.xcassets in Resources */ = {isa = PBXBuildFile; fileRef = 5B2CDCED1AB12F9500F288C7 /* Images.xcassets */; };
		5B2CDCF11AB12F9500F288C7 /* LaunchScreen.xib in Resources */ = {isa = PBXBuildFile; fileRef = 5B2CDCEF1AB12F9500F288C7 /* LaunchScreen.xib */; };
		5B2CDCFD1AB12F9600F288C7 /* TestTests.swift in Sources */ = {isa = PBXBuildFile; fileRef = 5B2CDCFC1AB12F9600F288C7 /* TestTests.swift */; };
		5B2CDD071AB1313200F288C7 /* TrackerModel.swift in Sources */ = {isa = PBXBuildFile; fileRef = 5B2CDD061AB1313200F288C7 /* TrackerModel.swift */; };
		5B2CDD0B1AB134BD00F288C7 /* BucketModel.swift in Sources */ = {isa = PBXBuildFile; fileRef = 5B2CDD0A1AB134BD00F288C7 /* BucketModel.swift */; };
		5B2CDD0D1AB13C1000F288C7 /* AddViewController.swift in Sources */ = {isa = PBXBuildFile; fileRef = 5B2CDD0C1AB13C1000F288C7 /* AddViewController.swift */; };
		5B8E6CD81AD4DEAA00E7675E /* BucketViewController.swift in Sources */ = {isa = PBXBuildFile; fileRef = 5B8E6CD71AD4DEAA00E7675E /* BucketViewController.swift */; };
		5B8E6CDA1AD5D3B300E7675E /* TotalBudgetView.swift in Sources */ = {isa = PBXBuildFile; fileRef = 5B8E6CD91AD5D3B300E7675E /* TotalBudgetView.swift */; };
		5B8E6CDC1AD6227C00E7675E /* FirstTimeView.swift in Sources */ = {isa = PBXBuildFile; fileRef = 5B8E6CDB1AD6227C00E7675E /* FirstTimeView.swift */; };
		5B9A1D171ACC9A7900D9BABC /* BucketView.swift in Sources */ = {isa = PBXBuildFile; fileRef = 5B9A1D161ACC9A7900D9BABC /* BucketView.swift */; };
		5BA971211ADC3ED200E80568 /* BucketAddView.swift in Sources */ = {isa = PBXBuildFile; fileRef = 5BA971201ADC3ED200E80568 /* BucketAddView.swift */; };
		5BA971231ADCB3A000E80568 /* TransactionList.swift in Sources */ = {isa = PBXBuildFile; fileRef = 5BA971221ADCB3A000E80568 /* TransactionList.swift */; };
		5BA971251ADCB3AE00E80568 /* TransactionCell.swift in Sources */ = {isa = PBXBuildFile; fileRef = 5BA971241ADCB3AE00E80568 /* TransactionCell.swift */; };
/* End PBXBuildFile section */

/* Begin PBXContainerItemProxy section */
		5B2CDCF71AB12F9600F288C7 /* PBXContainerItemProxy */ = {
			isa = PBXContainerItemProxy;
			containerPortal = 5B2CDCD91AB12F9500F288C7 /* Project object */;
			proxyType = 1;
			remoteGlobalIDString = 5B2CDCE01AB12F9500F288C7;
			remoteInfo = Test;
		};
/* End PBXContainerItemProxy section */

/* Begin PBXFileReference section */
		5B0EDBB31ACA2B1A00BE505F /* BucketList.swift */ = {isa = PBXFileReference; fileEncoding = 4; lastKnownFileType = sourcecode.swift; path = BucketList.swift; sourceTree = "<group>"; };
		5B0EDBB51ACA40D600BE505F /* AddOptionsView.swift */ = {isa = PBXFileReference; fileEncoding = 4; lastKnownFileType = sourcecode.swift; path = AddOptionsView.swift; sourceTree = "<group>"; };
		5B22136D1AC25E7400417589 /* BucketCell.swift */ = {isa = PBXFileReference; fileEncoding = 4; lastKnownFileType = sourcecode.swift; path = BucketCell.swift; sourceTree = "<group>"; };
		5B2CDCE11AB12F9500F288C7 /* Test.app */ = {isa = PBXFileReference; explicitFileType = wrapper.application; includeInIndex = 0; path = Test.app; sourceTree = BUILT_PRODUCTS_DIR; };
		5B2CDCE51AB12F9500F288C7 /* Info.plist */ = {isa = PBXFileReference; lastKnownFileType = text.plist.xml; path = Info.plist; sourceTree = "<group>"; };
		5B2CDCE61AB12F9500F288C7 /* AppDelegate.swift */ = {isa = PBXFileReference; lastKnownFileType = sourcecode.swift; path = AppDelegate.swift; sourceTree = "<group>"; };
		5B2CDCEB1AB12F9500F288C7 /* Base */ = {isa = PBXFileReference; lastKnownFileType = file.storyboard; name = Base; path = Base.lproj/Main.storyboard; sourceTree = "<group>"; };
		5B2CDCED1AB12F9500F288C7 /* Images.xcassets */ = {isa = PBXFileReference; lastKnownFileType = folder.assetcatalog; path = Images.xcassets; sourceTree = "<group>"; };
		5B2CDCF01AB12F9500F288C7 /* Base */ = {isa = PBXFileReference; lastKnownFileType = file.xib; name = Base; path = Base.lproj/LaunchScreen.xib; sourceTree = "<group>"; };
		5B2CDCF61AB12F9600F288C7 /* TestTests.xctest */ = {isa = PBXFileReference; explicitFileType = wrapper.cfbundle; includeInIndex = 0; path = TestTests.xctest; sourceTree = BUILT_PRODUCTS_DIR; };
		5B2CDCFB1AB12F9600F288C7 /* Info.plist */ = {isa = PBXFileReference; lastKnownFileType = text.plist.xml; path = Info.plist; sourceTree = "<group>"; };
		5B2CDCFC1AB12F9600F288C7 /* TestTests.swift */ = {isa = PBXFileReference; lastKnownFileType = sourcecode.swift; path = TestTests.swift; sourceTree = "<group>"; };
		5B2CDD061AB1313200F288C7 /* TrackerModel.swift */ = {isa = PBXFileReference; fileEncoding = 4; lastKnownFileType = sourcecode.swift; path = TrackerModel.swift; sourceTree = "<group>"; };
		5B2CDD0A1AB134BD00F288C7 /* BucketModel.swift */ = {isa = PBXFileReference; fileEncoding = 4; lastKnownFileType = sourcecode.swift; path = BucketModel.swift; sourceTree = "<group>"; };
		5B2CDD0C1AB13C1000F288C7 /* AddViewController.swift */ = {isa = PBXFileReference; fileEncoding = 4; lastKnownFileType = sourcecode.swift; path = AddViewController.swift; sourceTree = "<group>"; };
		5B8E6CD71AD4DEAA00E7675E /* BucketViewController.swift */ = {isa = PBXFileReference; fileEncoding = 4; lastKnownFileType = sourcecode.swift; path = BucketViewController.swift; sourceTree = "<group>"; };
		5B8E6CD91AD5D3B300E7675E /* TotalBudgetView.swift */ = {isa = PBXFileReference; fileEncoding = 4; lastKnownFileType = sourcecode.swift; path = TotalBudgetView.swift; sourceTree = "<group>"; };
		5B8E6CDB1AD6227C00E7675E /* FirstTimeView.swift */ = {isa = PBXFileReference; fileEncoding = 4; lastKnownFileType = sourcecode.swift; path = FirstTimeView.swift; sourceTree = "<group>"; };
		5B9A1D161ACC9A7900D9BABC /* BucketView.swift */ = {isa = PBXFileReference; fileEncoding = 4; lastKnownFileType = sourcecode.swift; path = BucketView.swift; sourceTree = "<group>"; };
		5BA971201ADC3ED200E80568 /* BucketAddView.swift */ = {isa = PBXFileReference; fileEncoding = 4; lastKnownFileType = sourcecode.swift; path = BucketAddView.swift; sourceTree = "<group>"; };
		5BA971221ADCB3A000E80568 /* TransactionList.swift */ = {isa = PBXFileReference; fileEncoding = 4; lastKnownFileType = sourcecode.swift; path = TransactionList.swift; sourceTree = "<group>"; };
		5BA971241ADCB3AE00E80568 /* TransactionCell.swift */ = {isa = PBXFileReference; fileEncoding = 4; lastKnownFileType = sourcecode.swift; path = TransactionCell.swift; sourceTree = "<group>"; };
/* End PBXFileReference section */

/* Begin PBXFrameworksBuildPhase section */
		5B2CDCDE1AB12F9500F288C7 /* Frameworks */ = {
			isa = PBXFrameworksBuildPhase;
			buildActionMask = 2147483647;
			files = (
			);
			runOnlyForDeploymentPostprocessing = 0;
		};
		5B2CDCF31AB12F9600F288C7 /* Frameworks */ = {
			isa = PBXFrameworksBuildPhase;
			buildActionMask = 2147483647;
			files = (
			);
			runOnlyForDeploymentPostprocessing = 0;
		};
/* End PBXFrameworksBuildPhase section */

/* Begin PBXGroup section */
		5B2CDCD81AB12F9500F288C7 = {
			isa = PBXGroup;
			children = (
				5B2CDCE31AB12F9500F288C7 /* Test */,
				5B2CDCF91AB12F9600F288C7 /* TestTests */,
				5B2CDCE21AB12F9500F288C7 /* Products */,
			);
			sourceTree = "<group>";
		};
		5B2CDCE21AB12F9500F288C7 /* Products */ = {
			isa = PBXGroup;
			children = (
				5B2CDCE11AB12F9500F288C7 /* Test.app */,
				5B2CDCF61AB12F9600F288C7 /* TestTests.xctest */,
			);
			name = Products;
			sourceTree = "<group>";
		};
		5B2CDCE31AB12F9500F288C7 /* Test */ = {
			isa = PBXGroup;
			children = (
				5B2CDCE61AB12F9500F288C7 /* AppDelegate.swift */,
				5B2CDD061AB1313200F288C7 /* TrackerModel.swift */,
				5B2CDD0A1AB134BD00F288C7 /* BucketModel.swift */,
				5B2CDD0C1AB13C1000F288C7 /* AddViewController.swift */,
				5B0EDBB31ACA2B1A00BE505F /* BucketList.swift */,
				5B8E6CD91AD5D3B300E7675E /* TotalBudgetView.swift */,
				5B22136D1AC25E7400417589 /* BucketCell.swift */,
				5B8E6CD71AD4DEAA00E7675E /* BucketViewController.swift */,
				5BA971221ADCB3A000E80568 /* TransactionList.swift */,
				5BA971241ADCB3AE00E80568 /* TransactionCell.swift */,
				5B9A1D161ACC9A7900D9BABC /* BucketView.swift */,
				5BA971201ADC3ED200E80568 /* BucketAddView.swift */,
				5B0EDBB51ACA40D600BE505F /* AddOptionsView.swift */,
				5B8E6CDB1AD6227C00E7675E /* FirstTimeView.swift */,
				5B2CDCEA1AB12F9500F288C7 /* Main.storyboard */,
				5B2CDCED1AB12F9500F288C7 /* Images.xcassets */,
				5B2CDCEF1AB12F9500F288C7 /* LaunchScreen.xib */,
				5B2CDCE41AB12F9500F288C7 /* Supporting Files */,
			);
			path = Test;
			sourceTree = "<group>";
		};
		5B2CDCE41AB12F9500F288C7 /* Supporting Files */ = {
			isa = PBXGroup;
			children = (
				5B2CDCE51AB12F9500F288C7 /* Info.plist */,
			);
			name = "Supporting Files";
			sourceTree = "<group>";
		};
		5B2CDCF91AB12F9600F288C7 /* TestTests */ = {
			isa = PBXGroup;
			children = (
				5B2CDCFC1AB12F9600F288C7 /* TestTests.swift */,
				5B2CDCFA1AB12F9600F288C7 /* Supporting Files */,
			);
			path = TestTests;
			sourceTree = "<group>";
		};
		5B2CDCFA1AB12F9600F288C7 /* Supporting Files */ = {
			isa = PBXGroup;
			children = (
				5B2CDCFB1AB12F9600F288C7 /* Info.plist */,
			);
			name = "Supporting Files";
			sourceTree = "<group>";
		};
/* End PBXGroup section */

/* Begin PBXNativeTarget section */
		5B2CDCE01AB12F9500F288C7 /* Test */ = {
			isa = PBXNativeTarget;
			buildConfigurationList = 5B2CDD001AB12F9600F288C7 /* Build configuration list for PBXNativeTarget "Test" */;
			buildPhases = (
				5B2CDCDD1AB12F9500F288C7 /* Sources */,
				5B2CDCDE1AB12F9500F288C7 /* Frameworks */,
				5B2CDCDF1AB12F9500F288C7 /* Resources */,
			);
			buildRules = (
			);
			dependencies = (
			);
			name = Test;
			productName = Test;
			productReference = 5B2CDCE11AB12F9500F288C7 /* Test.app */;
			productType = "com.apple.product-type.application";
		};
		5B2CDCF51AB12F9600F288C7 /* TestTests */ = {
			isa = PBXNativeTarget;
			buildConfigurationList = 5B2CDD031AB12F9600F288C7 /* Build configuration list for PBXNativeTarget "TestTests" */;
			buildPhases = (
				5B2CDCF21AB12F9600F288C7 /* Sources */,
				5B2CDCF31AB12F9600F288C7 /* Frameworks */,
				5B2CDCF41AB12F9600F288C7 /* Resources */,
			);
			buildRules = (
			);
			dependencies = (
				5B2CDCF81AB12F9600F288C7 /* PBXTargetDependency */,
			);
			name = TestTests;
			productName = TestTests;
			productReference = 5B2CDCF61AB12F9600F288C7 /* TestTests.xctest */;
			productType = "com.apple.product-type.bundle.unit-test";
		};
/* End PBXNativeTarget section */

/* Begin PBXProject section */
		5B2CDCD91AB12F9500F288C7 /* Project object */ = {
			isa = PBXProject;
			attributes = {
				LastUpgradeCheck = 0610;
				ORGANIZATIONNAME = "Zehao Zhang";
				TargetAttributes = {
					5B2CDCE01AB12F9500F288C7 = {
						CreatedOnToolsVersion = 6.1.1;
					};
					5B2CDCF51AB12F9600F288C7 = {
						CreatedOnToolsVersion = 6.1.1;
						TestTargetID = 5B2CDCE01AB12F9500F288C7;
					};
				};
			};
			buildConfigurationList = 5B2CDCDC1AB12F9500F288C7 /* Build configuration list for PBXProject "Test" */;
			compatibilityVersion = "Xcode 3.2";
			developmentRegion = English;
			hasScannedForEncodings = 0;
			knownRegions = (
				en,
				Base,
			);
			mainGroup = 5B2CDCD81AB12F9500F288C7;
			productRefGroup = 5B2CDCE21AB12F9500F288C7 /* Products */;
			projectDirPath = "";
			projectRoot = "";
			targets = (
				5B2CDCE01AB12F9500F288C7 /* Test */,
				5B2CDCF51AB12F9600F288C7 /* TestTests */,
			);
		};
/* End PBXProject section */

/* Begin PBXResourcesBuildPhase section */
		5B2CDCDF1AB12F9500F288C7 /* Resources */ = {
			isa = PBXResourcesBuildPhase;
			buildActionMask = 2147483647;
			files = (
				5B2CDCEC1AB12F9500F288C7 /* Main.storyboard in Resources */,
				5B2CDCF11AB12F9500F288C7 /* LaunchScreen.xib in Resources */,
				5B2CDCEE1AB12F9500F288C7 /* Images.xcassets in Resources */,
			);
			runOnlyForDeploymentPostprocessing = 0;
		};
		5B2CDCF41AB12F9600F288C7 /* Resources */ = {
			isa = PBXResourcesBuildPhase;
			buildActionMask = 2147483647;
			files = (
			);
			runOnlyForDeploymentPostprocessing = 0;
		};
/* End PBXResourcesBuildPhase section */

/* Begin PBXSourcesBuildPhase section */
		5B2CDCDD1AB12F9500F288C7 /* Sources */ = {
			isa = PBXSourcesBuildPhase;
			buildActionMask = 2147483647;
			files = (
				5BA971251ADCB3AE00E80568 /* TransactionCell.swift in Sources */,
				5B8E6CDA1AD5D3B300E7675E /* TotalBudgetView.swift in Sources */,
				5B2CDD071AB1313200F288C7 /* TrackerModel.swift in Sources */,
				5B22136E1AC25E7400417589 /* BucketCell.swift in Sources */,
				5B2CDD0B1AB134BD00F288C7 /* BucketModel.swift in Sources */,
				5BA971211ADC3ED200E80568 /* BucketAddView.swift in Sources */,
				5B0EDBB61ACA40D600BE505F /* AddOptionsView.swift in Sources */,
				5B8E6CD81AD4DEAA00E7675E /* BucketViewController.swift in Sources */,
				5B9A1D171ACC9A7900D9BABC /* BucketView.swift in Sources */,
				5B0EDBB41ACA2B1A00BE505F /* BucketList.swift in Sources */,
				5B2CDD0D1AB13C1000F288C7 /* AddViewController.swift in Sources */,
				5BA971231ADCB3A000E80568 /* TransactionList.swift in Sources */,
				5B8E6CDC1AD6227C00E7675E /* FirstTimeView.swift in Sources */,
				5B2CDCE71AB12F9500F288C7 /* AppDelegate.swift in Sources */,
			);
			runOnlyForDeploymentPostprocessing = 0;
		};
		5B2CDCF21AB12F9600F288C7 /* Sources */ = {
			isa = PBXSourcesBuildPhase;
			buildActionMask = 2147483647;
			files = (
				5B2CDCFD1AB12F9600F288C7 /* TestTests.swift in Sources */,
			);
			runOnlyForDeploymentPostprocessing = 0;
		};
/* End PBXSourcesBuildPhase section */

/* Begin PBXTargetDependency section */
		5B2CDCF81AB12F9600F288C7 /* PBXTargetDependency */ = {
			isa = PBXTargetDependency;
			target = 5B2CDCE01AB12F9500F288C7 /* Test */;
			targetProxy = 5B2CDCF71AB12F9600F288C7 /* PBXContainerItemProxy */;
		};
/* End PBXTargetDependency section */

/* Begin PBXVariantGroup section */
		5B2CDCEA1AB12F9500F288C7 /* Main.storyboard */ = {
			isa = PBXVariantGroup;
			children = (
				5B2CDCEB1AB12F9500F288C7 /* Base */,
			);
			name = Main.storyboard;
			sourceTree = "<group>";
		};
		5B2CDCEF1AB12F9500F288C7 /* LaunchScreen.xib */ = {
			isa = PBXVariantGroup;
			children = (
				5B2CDCF01AB12F9500F288C7 /* Base */,
			);
			name = LaunchScreen.xib;
			sourceTree = "<group>";
		};
/* End PBXVariantGroup section */

/* Begin XCBuildConfiguration section */
		5B2CDCFE1AB12F9600F288C7 /* Debug */ = {
			isa = XCBuildConfiguration;
			buildSettings = {
				ALWAYS_SEARCH_USER_PATHS = NO;
				CLANG_CXX_LANGUAGE_STANDARD = "gnu++0x";
				CLANG_CXX_LIBRARY = "libc++";
				CLANG_ENABLE_MODULES = YES;
				CLANG_ENABLE_OBJC_ARC = YES;
				CLANG_WARN_BOOL_CONVERSION = YES;
				CLANG_WARN_CONSTANT_CONVERSION = YES;
				CLANG_WARN_DIRECT_OBJC_ISA_USAGE = YES_ERROR;
				CLANG_WARN_EMPTY_BODY = YES;
				CLANG_WARN_ENUM_CONVERSION = YES;
				CLANG_WARN_INT_CONVERSION = YES;
				CLANG_WARN_OBJC_ROOT_CLASS = YES_ERROR;
				CLANG_WARN_UNREACHABLE_CODE = YES;
				CLANG_WARN__DUPLICATE_METHOD_MATCH = YES;
				"CODE_SIGN_IDENTITY[sdk=iphoneos*]" = "iPhone Developer";
				COPY_PHASE_STRIP = NO;
				ENABLE_STRICT_OBJC_MSGSEND = YES;
				GCC_C_LANGUAGE_STANDARD = gnu99;
				GCC_DYNAMIC_NO_PIC = NO;
				GCC_OPTIMIZATION_LEVEL = 0;
				GCC_PREPROCESSOR_DEFINITIONS = (
					"DEBUG=1",
					"$(inherited)",
				);
				GCC_SYMBOLS_PRIVATE_EXTERN = NO;
				GCC_WARN_64_TO_32_BIT_CONVERSION = YES;
				GCC_WARN_ABOUT_RETURN_TYPE = YES_ERROR;
				GCC_WARN_UNDECLARED_SELECTOR = YES;
				GCC_WARN_UNINITIALIZED_AUTOS = YES_AGGRESSIVE;
				GCC_WARN_UNUSED_FUNCTION = YES;
				GCC_WARN_UNUSED_VARIABLE = YES;
				IPHONEOS_DEPLOYMENT_TARGET = 8.1;
				MTL_ENABLE_DEBUG_INFO = YES;
				ONLY_ACTIVE_ARCH = YES;
				SDKROOT = iphoneos;
				SWIFT_OPTIMIZATION_LEVEL = "-Onone";
			};
			name = Debug;
		};
		5B2CDCFF1AB12F9600F288C7 /* Release */ = {
			isa = XCBuildConfiguration;
			buildSettings = {
				ALWAYS_SEARCH_USER_PATHS = NO;
				CLANG_CXX_LANGUAGE_STANDARD = "gnu++0x";
				CLANG_CXX_LIBRARY = "libc++";
				CLANG_ENABLE_MODULES = YES;
				CLANG_ENABLE_OBJC_ARC = YES;
				CLANG_WARN_BOOL_CONVERSION = YES;
				CLANG_WARN_CONSTANT_CONVERSION = YES;
				CLANG_WARN_DIRECT_OBJC_ISA_USAGE = YES_ERROR;
				CLANG_WARN_EMPTY_BODY = YES;
				CLANG_WARN_ENUM_CONVERSION = YES;
				CLANG_WARN_INT_CONVERSION = YES;
				CLANG_WARN_OBJC_ROOT_CLASS = YES_ERROR;
				CLANG_WARN_UNREACHABLE_CODE = YES;
				CLANG_WARN__DUPLICATE_METHOD_MATCH = YES;
				"CODE_SIGN_IDENTITY[sdk=iphoneos*]" = "iPhone Developer";
				COPY_PHASE_STRIP = YES;
				ENABLE_NS_ASSERTIONS = NO;
				ENABLE_STRICT_OBJC_MSGSEND = YES;
				GCC_C_LANGUAGE_STANDARD = gnu99;
				GCC_WARN_64_TO_32_BIT_CONVERSION = YES;
				GCC_WARN_ABOUT_RETURN_TYPE = YES_ERROR;
				GCC_WARN_UNDECLARED_SELECTOR = YES;
				GCC_WARN_UNINITIALIZED_AUTOS = YES_AGGRESSIVE;
				GCC_WARN_UNUSED_FUNCTION = YES;
				GCC_WARN_UNUSED_VARIABLE = YES;
				IPHONEOS_DEPLOYMENT_TARGET = 8.1;
				MTL_ENABLE_DEBUG_INFO = NO;
				SDKROOT = iphoneos;
				VALIDATE_PRODUCT = YES;
			};
			name = Release;
		};
		5B2CDD011AB12F9600F288C7 /* Debug */ = {
			isa = XCBuildConfiguration;
			buildSettings = {
				ASSETCATALOG_COMPILER_APPICON_NAME = AppIcon;
				INFOPLIST_FILE = Test/Info.plist;
				IPHONEOS_DEPLOYMENT_TARGET = 8.0;
				LD_RUNPATH_SEARCH_PATHS = "$(inherited) @executable_path/Frameworks";
				PRODUCT_NAME = "$(TARGET_NAME)";
			};
			name = Debug;
		};
		5B2CDD021AB12F9600F288C7 /* Release */ = {
			isa = XCBuildConfiguration;
			buildSettings = {
				ASSETCATALOG_COMPILER_APPICON_NAME = AppIcon;
				INFOPLIST_FILE = Test/Info.plist;
				IPHONEOS_DEPLOYMENT_TARGET = 8.0;
				LD_RUNPATH_SEARCH_PATHS = "$(inherited) @executable_path/Frameworks";
				PRODUCT_NAME = "$(TARGET_NAME)";
			};
			name = Release;
		};
		5B2CDD041AB12F9600F288C7 /* Debug */ = {
			isa = XCBuildConfiguration;
			buildSettings = {
				BUNDLE_LOADER = "$(TEST_HOST)";
				FRAMEWORK_SEARCH_PATHS = (
					"$(SDKROOT)/Developer/Library/Frameworks",
					"$(inherited)",
				);
				GCC_PREPROCESSOR_DEFINITIONS = (
					"DEBUG=1",
					"$(inherited)",
				);
				INFOPLIST_FILE = TestTests/Info.plist;
				LD_RUNPATH_SEARCH_PATHS = "$(inherited) @executable_path/Frameworks @loader_path/Frameworks";
				PRODUCT_NAME = "$(TARGET_NAME)";
				TEST_HOST = "$(BUILT_PRODUCTS_DIR)/Test.app/Test";
			};
			name = Debug;
		};
		5B2CDD051AB12F9600F288C7 /* Release */ = {
			isa = XCBuildConfiguration;
			buildSettings = {
				BUNDLE_LOADER = "$(TEST_HOST)";
				FRAMEWORK_SEARCH_PATHS = (
					"$(SDKROOT)/Developer/Library/Frameworks",
					"$(inherited)",
				);
				INFOPLIST_FILE = TestTests/Info.plist;
				LD_RUNPATH_SEARCH_PATHS = "$(inherited) @executable_path/Frameworks @loader_path/Frameworks";
				PRODUCT_NAME = "$(TARGET_NAME)";
				TEST_HOST = "$(BUILT_PRODUCTS_DIR)/Test.app/Test";
			};
			name = Release;
		};
/* End XCBuildConfiguration section */

/* Begin XCConfigurationList section */
		5B2CDCDC1AB12F9500F288C7 /* Build configuration list for PBXProject "Test" */ = {
			isa = XCConfigurationList;
			buildConfigurations = (
				5B2CDCFE1AB12F9600F288C7 /* Debug */,
				5B2CDCFF1AB12F9600F288C7 /* Release */,
			);
			defaultConfigurationIsVisible = 0;
			defaultConfigurationName = Release;
		};
		5B2CDD001AB12F9600F288C7 /* Build configuration list for PBXNativeTarget "Test" */ = {
			isa = XCConfigurationList;
			buildConfigurations = (
				5B2CDD011AB12F9600F288C7 /* Debug */,
				5B2CDD021AB12F9600F288C7 /* Release */,
			);
			defaultConfigurationIsVisible = 0;
			defaultConfigurationName = Release;
		};
		5B2CDD031AB12F9600F288C7 /* Build configuration list for PBXNativeTarget "TestTests" */ = {
			isa = XCConfigurationList;
			buildConfigurations = (
				5B2CDD041AB12F9600F288C7 /* Debug */,
				5B2CDD051AB12F9600F288C7 /* Release */,
			);
			defaultConfigurationIsVisible = 0;
			defaultConfigurationName = Release;
		};
/* End XCConfigurationList section */
	};
	rootObject = 5B2CDCD91AB12F9500F288C7 /* Project object */;
}
